
Microsoft Visual Studio Solution File, Format Version 12.00
# Visual Studio Version 17
VisualStudioVersion = 17.1.32328.378
MinimumVisualStudioVersion = 10.0.40219.1
Project("{9A19103F-16F7-4668-BE54-9A1E7A4F7556}") = "AudioMonitor", "AudioMonitor\AudioMonitor.csproj", "{DD0EEA02-ABA8-4337-A8B2-332BFD92912E}"
EndProject
Project("{FAE04EC0-301F-11D3-BF4B-00C04F79EFBC}") = "AudioMonitor.Core", "AudioMonitor.Core\AudioMonitor.Core.csproj", "{3148CA46-5BB5-43EC-A03A-6837A5591198}"
EndProject
Global
	GlobalSection(SolutionConfigurationPlatforms) = preSolution
		Debug|Any CPU = Debug|Any CPU
		Release|Any CPU = Release|Any CPU
	EndGlobalSection
	GlobalSection(ProjectConfigurationPlatforms) = postSolution
		{DD0EEA02-ABA8-4337-A8B2-332BFD92912E}.Debug|Any CPU.ActiveCfg = Debug|Any CPU
		{DD0EEA02-ABA8-4337-A8B2-332BFD92912E}.Debug|Any CPU.Build.0 = Debug|Any CPU
		{DD0EEA02-ABA8-4337-A8B2-332BFD92912E}.Release|Any CPU.ActiveCfg = Release|Any CPU
		{DD0EEA02-ABA8-4337-A8B2-332BFD92912E}.Release|Any CPU.Build.0 = Release|Any CPU
		{3148CA46-5BB5-43EC-A03A-6837A5591198}.Debug|Any CPU.ActiveCfg = Debug|Any CPU
		{3148CA46-5BB5-43EC-A03A-6837A5591198}.Debug|Any CPU.Build.0 = Debug|Any CPU
		{3148CA46-5BB5-43EC-A03A-6837A5591198}.Release|Any CPU.ActiveCfg = Release|Any CPU
		{3148CA46-5BB5-43EC-A03A-6837A5591198}.Release|Any CPU.Build.0 = Release|Any CPU
	EndGlobalSection
	GlobalSection(SolutionProperties) = preSolution
		HideSolutionNode = FALSE
	EndGlobalSection
	GlobalSection(ExtensibilityGlobals) = postSolution
		SolutionGuid = {A0B23094-F5BD-49CF-934C-B1407041EAB5}
	EndGlobalSection
EndGlobal
